// !$*UTF8*$!
{
	archiveVersion = 1;
	classes = {
	};
	objectVersion = 50;
	objects = {

/* Begin PBXBuildFile section */
		45A35567250E18A3005E182F /* AppDelegate.swift in Sources */ = {isa = PBXBuildFile; fileRef = 45A35566250E18A3005E182F /* AppDelegate.swift */; };
		45A35569250E18A3005E182F /* SceneDelegate.swift in Sources */ = {isa = PBXBuildFile; fileRef = 45A35568250E18A3005E182F /* SceneDelegate.swift */; };
		45A3556B250E18A3005E182F /* ViewController.swift in Sources */ = {isa = PBXBuildFile; fileRef = 45A3556A250E18A3005E182F /* ViewController.swift */; };
		45A3556E250E18A3005E182F /* Main.storyboard in Resources */ = {isa = PBXBuildFile; fileRef = 45A3556C250E18A3005E182F /* Main.storyboard */; };
		45A35570250E18AD005E182F /* Assets.xcassets in Resources */ = {isa = PBXBuildFile; fileRef = 45A3556F250E18AD005E182F /* Assets.xcassets */; };
		45A35573250E18AD005E182F /* LaunchScreen.storyboard in Resources */ = {isa = PBXBuildFile; fileRef = 45A35571250E18AD005E182F /* LaunchScreen.storyboard */; };
		E77FC516250E323300BB3E83 /* AutoInfoViewController.swift in Sources */ = {isa = PBXBuildFile; fileRef = E77FC515250E323300BB3E83 /* AutoInfoViewController.swift */; };
		E77FC518250E355200BB3E83 /* CustomerViewController.swift in Sources */ = {isa = PBXBuildFile; fileRef = E77FC517250E355200BB3E83 /* CustomerViewController.swift */; };
		E77FC51A250E380E00BB3E83 /* ResultViewController.swift in Sources */ = {isa = PBXBuildFile; fileRef = E77FC519250E380E00BB3E83 /* ResultViewController.swift */; };
/* End PBXBuildFile section */

/* Begin PBXFileReference section */
		45A35563250E18A3005E182F /* Casco.app */ = {isa = PBXFileReference; explicitFileType = wrapper.application; includeInIndex = 0; path = Casco.app; sourceTree = BUILT_PRODUCTS_DIR; };
		45A35566250E18A3005E182F /* AppDelegate.swift */ = {isa = PBXFileReference; lastKnownFileType = sourcecode.swift; path = AppDelegate.swift; sourceTree = "<group>"; };
		45A35568250E18A3005E182F /* SceneDelegate.swift */ = {isa = PBXFileReference; lastKnownFileType = sourcecode.swift; path = SceneDelegate.swift; sourceTree = "<group>"; };
		45A3556A250E18A3005E182F /* ViewController.swift */ = {isa = PBXFileReference; lastKnownFileType = sourcecode.swift; path = ViewController.swift; sourceTree = "<group>"; };
		45A3556D250E18A3005E182F /* Base */ = {isa = PBXFileReference; lastKnownFileType = file.storyboard; name = Base; path = Base.lproj/Main.storyboard; sourceTree = "<group>"; };
		45A3556F250E18AD005E182F /* Assets.xcassets */ = {isa = PBXFileReference; lastKnownFileType = folder.assetcatalog; path = Assets.xcassets; sourceTree = "<group>"; };
		45A35572250E18AD005E182F /* Base */ = {isa = PBXFileReference; lastKnownFileType = file.storyboard; name = Base; path = Base.lproj/LaunchScreen.storyboard; sourceTree = "<group>"; };
		45A35574250E18AD005E182F /* Info.plist */ = {isa = PBXFileReference; lastKnownFileType = text.plist.xml; path = Info.plist; sourceTree = "<group>"; };
		E77FC515250E323300BB3E83 /* AutoInfoViewController.swift */ = {isa = PBXFileReference; lastKnownFileType = sourcecode.swift; path = AutoInfoViewController.swift; sourceTree = "<group>"; };
		E77FC517250E355200BB3E83 /* CustomerViewController.swift */ = {isa = PBXFileReference; lastKnownFileType = sourcecode.swift; path = CustomerViewController.swift; sourceTree = "<group>"; };
		E77FC519250E380E00BB3E83 /* ResultViewController.swift */ = {isa = PBXFileReference; lastKnownFileType = sourcecode.swift; path = ResultViewController.swift; sourceTree = "<group>"; };
/* End PBXFileReference section */

/* Begin PBXFrameworksBuildPhase section */
		45A35560250E18A3005E182F /* Frameworks */ = {
			isa = PBXFrameworksBuildPhase;
			buildActionMask = 2147483647;
			files = (
			);
			runOnlyForDeploymentPostprocessing = 0;
		};
/* End PBXFrameworksBuildPhase section */

/* Begin PBXGroup section */
		45A3555A250E18A3005E182F = {
			isa = PBXGroup;
			children = (
				45A35565250E18A3005E182F /* Casco */,
				45A35564250E18A3005E182F /* Products */,
			);
			sourceTree = "<group>";
		};
		45A35564250E18A3005E182F /* Products */ = {
			isa = PBXGroup;
			children = (
				45A35563250E18A3005E182F /* Casco.app */,
			);
			name = Products;
			sourceTree = "<group>";
		};
		45A35565250E18A3005E182F /* Casco */ = {
			isa = PBXGroup;
			children = (
				45A3557D250E1947005E182F /* Models */,
				45A3557E250E1964005E182F /* SupportingFiles */,
				45A3557C250E1938005E182F /* Controllers */,
				45A3557A250E18D0005E182F /* Views */,
				45A3557B250E18E5005E182F /* Source */,
			);
			path = Casco;
			sourceTree = "<group>";
		};
		45A3557A250E18D0005E182F /* Views */ = {
			isa = PBXGroup;
			children = (
				45A3556C250E18A3005E182F /* Main.storyboard */,
				45A35571250E18AD005E182F /* LaunchScreen.storyboard */,
			);
			path = Views;
			sourceTree = "<group>";
		};
		45A3557B250E18E5005E182F /* Source */ = {
			isa = PBXGroup;
			children = (
				45A3556F250E18AD005E182F /* Assets.xcassets */,
			);
			path = Source;
			sourceTree = "<group>";
		};
		45A3557C250E1938005E182F /* Controllers */ = {
			isa = PBXGroup;
			children = (
				45A3556A250E18A3005E182F /* ViewController.swift */,
				E77FC515250E323300BB3E83 /* AutoInfoViewController.swift */,
				E77FC517250E355200BB3E83 /* CustomerViewController.swift */,
				E77FC519250E380E00BB3E83 /* ResultViewController.swift */,
			);
			path = Controllers;
			sourceTree = "<group>";
		};
		45A3557D250E1947005E182F /* Models */ = {
			isa = PBXGroup;
			children = (
			);
			path = Models;
			sourceTree = "<group>";
		};
		45A3557E250E1964005E182F /* SupportingFiles */ = {
			isa = PBXGroup;
			children = (
				45A35566250E18A3005E182F /* AppDelegate.swift */,
				45A35568250E18A3005E182F /* SceneDelegate.swift */,
				45A35574250E18AD005E182F /* Info.plist */,
			);
			path = SupportingFiles;
			sourceTree = "<group>";
		};
/* End PBXGroup section */

/* Begin PBXNativeTarget section */
		45A35562250E18A3005E182F /* Casco */ = {
			isa = PBXNativeTarget;
			buildConfigurationList = 45A35577250E18AD005E182F /* Build configuration list for PBXNativeTarget "Casco" */;
			buildPhases = (
				45A3555F250E18A3005E182F /* Sources */,
				45A35560250E18A3005E182F /* Frameworks */,
				45A35561250E18A3005E182F /* Resources */,
			);
			buildRules = (
			);
			dependencies = (
			);
			name = Casco;
			productName = Casco;
			productReference = 45A35563250E18A3005E182F /* Casco.app */;
			productType = "com.apple.product-type.application";
		};
/* End PBXNativeTarget section */

/* Begin PBXProject section */
		45A3555B250E18A3005E182F /* Project object */ = {
			isa = PBXProject;
			attributes = {
				LastSwiftUpdateCheck = 1150;
				LastUpgradeCheck = 1150;
				ORGANIZATIONNAME = myself;
				TargetAttributes = {
					45A35562250E18A3005E182F = {
						CreatedOnToolsVersion = 11.5;
					};
				};
			};
			buildConfigurationList = 45A3555E250E18A3005E182F /* Build configuration list for PBXProject "Casco" */;
			compatibilityVersion = "Xcode 9.3";
			developmentRegion = en;
			hasScannedForEncodings = 0;
			knownRegions = (
				en,
				Base,
			);
			mainGroup = 45A3555A250E18A3005E182F;
			productRefGroup = 45A35564250E18A3005E182F /* Products */;
			projectDirPath = "";
			projectRoot = "";
			targets = (
				45A35562250E18A3005E182F /* Casco */,
			);
		};
/* End PBXProject section */

/* Begin PBXResourcesBuildPhase section */
		45A35561250E18A3005E182F /* Resources */ = {
			isa = PBXResourcesBuildPhase;
			buildActionMask = 2147483647;
			files = (
				45A35573250E18AD005E182F /* LaunchScreen.storyboard in Resources */,
				45A35570250E18AD005E182F /* Assets.xcassets in Resources */,
				45A3556E250E18A3005E182F /* Main.storyboard in Resources */,
			);
			runOnlyForDeploymentPostprocessing = 0;
		};
/* End PBXResourcesBuildPhase section */

/* Begin PBXSourcesBuildPhase section */
		45A3555F250E18A3005E182F /* Sources */ = {
			isa = PBXSourcesBuildPhase;
			buildActionMask = 2147483647;
			files = (
				45A3556B250E18A3005E182F /* ViewController.swift in Sources */,
				45A35567250E18A3005E182F /* AppDelegate.swift in Sources */,
				E77FC518250E355200BB3E83 /* CustomerViewController.swift in Sources */,
				45A35569250E18A3005E182F /* SceneDelegate.swift in Sources */,
				E77FC516250E323300BB3E83 /* AutoInfoViewController.swift in Sources */,
				E77FC51A250E380E00BB3E83 /* ResultViewController.swift in Sources */,
			);
			runOnlyForDeploymentPostprocessing = 0;
		};
/* End PBXSourcesBuildPhase section */

/* Begin PBXVariantGroup section */
		45A3556C250E18A3005E182F /* Main.storyboard */ = {
			isa = PBXVariantGroup;
			children = (
				45A3556D250E18A3005E182F /* Base */,
			);
			name = Main.storyboard;
			sourceTree = "<group>";
		};
		45A35571250E18AD005E182F /* LaunchScreen.storyboard */ = {
			isa = PBXVariantGroup;
			children = (
				45A35572250E18AD005E182F /* Base */,
			);
			name = LaunchScreen.storyboard;
			sourceTree = "<group>";
		};
/* End PBXVariantGroup section */

/* Begin XCBuildConfiguration section */
		45A35575250E18AD005E182F /* Debug */ = {
			isa = XCBuildConfiguration;
			buildSettings = {
				ALWAYS_SEARCH_USER_PATHS = NO;
				CLANG_ANALYZER_NONNULL = YES;
				CLANG_ANALYZER_NUMBER_OBJECT_CONVERSION = YES_AGGRESSIVE;
				CLANG_CXX_LANGUAGE_STANDARD = "gnu++14";
				CLANG_CXX_LIBRARY = "libc++";
				CLANG_ENABLE_MODULES = YES;
				CLANG_ENABLE_OBJC_ARC = YES;
				CLANG_ENABLE_OBJC_WEAK = YES;
				CLANG_WARN_BLOCK_CAPTURE_AUTORELEASING = YES;
				CLANG_WARN_BOOL_CONVERSION = YES;
				CLANG_WARN_COMMA = YES;
				CLANG_WARN_CONSTANT_CONVERSION = YES;
				CLANG_WARN_DEPRECATED_OBJC_IMPLEMENTATIONS = YES;
				CLANG_WARN_DIRECT_OBJC_ISA_USAGE = YES_ERROR;
				CLANG_WARN_DOCUMENTATION_COMMENTS = YES;
				CLANG_WARN_EMPTY_BODY = YES;
				CLANG_WARN_ENUM_CONVERSION = YES;
				CLANG_WARN_INFINITE_RECURSION = YES;
				CLANG_WARN_INT_CONVERSION = YES;
				CLANG_WARN_NON_LITERAL_NULL_CONVERSION = YES;
				CLANG_WARN_OBJC_IMPLICIT_RETAIN_SELF = YES;
				CLANG_WARN_OBJC_LITERAL_CONVERSION = YES;
				CLANG_WARN_OBJC_ROOT_CLASS = YES_ERROR;
				CLANG_WARN_RANGE_LOOP_ANALYSIS = YES;
				CLANG_WARN_STRICT_PROTOTYPES = YES;
				CLANG_WARN_SUSPICIOUS_MOVE = YES;
				CLANG_WARN_UNGUARDED_AVAILABILITY = YES_AGGRESSIVE;
				CLANG_WARN_UNREACHABLE_CODE = YES;
				CLANG_WARN__DUPLICATE_METHOD_MATCH = YES;
				COPY_PHASE_STRIP = NO;
				DEBUG_INFORMATION_FORMAT = dwarf;
				ENABLE_STRICT_OBJC_MSGSEND = YES;
				ENABLE_TESTABILITY = YES;
				GCC_C_LANGUAGE_STANDARD = gnu11;
				GCC_DYNAMIC_NO_PIC = NO;
				GCC_NO_COMMON_BLOCKS = YES;
				GCC_OPTIMIZATION_LEVEL = 0;
				GCC_PREPROCESSOR_DEFINITIONS = (
					"DEBUG=1",
					"$(inherited)",
				);
				GCC_WARN_64_TO_32_BIT_CONVERSION = YES;
				GCC_WARN_ABOUT_RETURN_TYPE = YES_ERROR;
				GCC_WARN_UNDECLARED_SELECTOR = YES;
				GCC_WARN_UNINITIALIZED_AUTOS = YES_AGGRESSIVE;
				GCC_WARN_UNUSED_FUNCTION = YES;
				GCC_WARN_UNUSED_VARIABLE = YES;
				IPHONEOS_DEPLOYMENT_TARGET = 13.5;
				MTL_ENABLE_DEBUG_INFO = INCLUDE_SOURCE;
				MTL_FAST_MATH = YES;
				ONLY_ACTIVE_ARCH = YES;
				SDKROOT = iphoneos;
				SWIFT_ACTIVE_COMPILATION_CONDITIONS = DEBUG;
				SWIFT_OPTIMIZATION_LEVEL = "-Onone";
			};
			name = Debug;
		};
		45A35576250E18AD005E182F /* Release */ = {
			isa = XCBuildConfiguration;
			buildSettings = {
				ALWAYS_SEARCH_USER_PATHS = NO;
				CLANG_ANALYZER_NONNULL = YES;
				CLANG_ANALYZER_NUMBER_OBJECT_CONVERSION = YES_AGGRESSIVE;
				CLANG_CXX_LANGUAGE_STANDARD = "gnu++14";
				CLANG_CXX_LIBRARY = "libc++";
				CLANG_ENABLE_MODULES = YES;
				CLANG_ENABLE_OBJC_ARC = YES;
				CLANG_ENABLE_OBJC_WEAK = YES;
				CLANG_WARN_BLOCK_CAPTURE_AUTORELEASING = YES;
				CLANG_WARN_BOOL_CONVERSION = YES;
				CLANG_WARN_COMMA = YES;
				CLANG_WARN_CONSTANT_CONVERSION = YES;
				CLANG_WARN_DEPRECATED_OBJC_IMPLEMENTATIONS = YES;
				CLANG_WARN_DIRECT_OBJC_ISA_USAGE = YES_ERROR;
				CLANG_WARN_DOCUMENTATION_COMMENTS = YES;
				CLANG_WARN_EMPTY_BODY = YES;
				CLANG_WARN_ENUM_CONVERSION = YES;
				CLANG_WARN_INFINITE_RECURSION = YES;
				CLANG_WARN_INT_CONVERSION = YES;
				CLANG_WARN_NON_LITERAL_NULL_CONVERSION = YES;
				CLANG_WARN_OBJC_IMPLICIT_RETAIN_SELF = YES;
				CLANG_WARN_OBJC_LITERAL_CONVERSION = YES;
				CLANG_WARN_OBJC_ROOT_CLASS = YES_ERROR;
				CLANG_WARN_RANGE_LOOP_ANALYSIS = YES;
				CLANG_WARN_STRICT_PROTOTYPES = YES;
				CLANG_WARN_SUSPICIOUS_MOVE = YES;
				CLANG_WARN_UNGUARDED_AVAILABILITY = YES_AGGRESSIVE;
				CLANG_WARN_UNREACHABLE_CODE = YES;
				CLANG_WARN__DUPLICATE_METHOD_MATCH = YES;
				COPY_PHASE_STRIP = NO;
				DEBUG_INFORMATION_FORMAT = "dwarf-with-dsym";
				ENABLE_NS_ASSERTIONS = NO;
				ENABLE_STRICT_OBJC_MSGSEND = YES;
				GCC_C_LANGUAGE_STANDARD = gnu11;
				GCC_NO_COMMON_BLOCKS = YES;
				GCC_WARN_64_TO_32_BIT_CONVERSION = YES;
				GCC_WARN_ABOUT_RETURN_TYPE = YES_ERROR;
				GCC_WARN_UNDECLARED_SELECTOR = YES;
				GCC_WARN_UNINITIALIZED_AUTOS = YES_AGGRESSIVE;
				GCC_WARN_UNUSED_FUNCTION = YES;
				GCC_WARN_UNUSED_VARIABLE = YES;
				IPHONEOS_DEPLOYMENT_TARGET = 13.5;
				MTL_ENABLE_DEBUG_INFO = NO;
				MTL_FAST_MATH = YES;
				SDKROOT = iphoneos;
				SWIFT_COMPILATION_MODE = wholemodule;
				SWIFT_OPTIMIZATION_LEVEL = "-O";
				VALIDATE_PRODUCT = YES;
			};
			name = Release;
		};
		45A35578250E18AD005E182F /* Debug */ = {
			isa = XCBuildConfiguration;
			buildSettings = {
				ASSETCATALOG_COMPILER_APPICON_NAME = AppIcon;
				CODE_SIGN_STYLE = Automatic;
				DEVELOPMENT_TEAM = AGH5RSM234;
				INFOPLIST_FILE = Casco/SupportingFiles/Info.plist;
				IPHONEOS_DEPLOYMENT_TARGET = 13.2;
				LD_RUNPATH_SEARCH_PATHS = (
					"$(inherited)",
					"@executable_path/Frameworks",
				);
				PRODUCT_BUNDLE_IDENTIFIER = com.goWhites.Casco;
				PRODUCT_NAME = "$(TARGET_NAME)";
				SWIFT_VERSION = 5.0;
				TARGETED_DEVICE_FAMILY = 1;
			};
			name = Debug;
		};
		45A35579250E18AD005E182F /* Release */ = {
			isa = XCBuildConfiguration;
			buildSettings = {
				ASSETCATALOG_COMPILER_APPICON_NAME = AppIcon;
				CODE_SIGN_STYLE = Automatic;
				DEVELOPMENT_TEAM = AGH5RSM234;
				INFOPLIST_FILE = Casco/SupportingFiles/Info.plist;
				IPHONEOS_DEPLOYMENT_TARGET = 13.2;
				LD_RUNPATH_SEARCH_PATHS = (
					"$(inherited)",
					"@executable_path/Frameworks",
				);
				PRODUCT_BUNDLE_IDENTIFIER = com.goWhites.Casco;
				PRODUCT_NAME = "$(TARGET_NAME)";
				SWIFT_VERSION = 5.0;
				TARGETED_DEVICE_FAMILY = 1;
			};
			name = Release;
		};
/* End XCBuildConfiguration section */

/* Begin XCConfigurationList section */
		45A3555E250E18A3005E182F /* Build configuration list for PBXProject "Casco" */ = {
			isa = XCConfigurationList;
			buildConfigurations = (
				45A35575250E18AD005E182F /* Debug */,
				45A35576250E18AD005E182F /* Release */,
			);
			defaultConfigurationIsVisible = 0;
			defaultConfigurationName = Release;
		};
		45A35577250E18AD005E182F /* Build configuration list for PBXNativeTarget "Casco" */ = {
			isa = XCConfigurationList;
			buildConfigurations = (
				45A35578250E18AD005E182F /* Debug */,
				45A35579250E18AD005E182F /* Release */,
			);
			defaultConfigurationIsVisible = 0;
			defaultConfigurationName = Release;
		};
/* End XCConfigurationList section */
	};
	rootObject = 45A3555B250E18A3005E182F /* Project object */;
}
